
Microsoft Visual Studio Solution File, Format Version 12.00
# Visual Studio 15
VisualStudioVersion = 15.0.28010.2036
MinimumVisualStudioVersion = 10.0.40219.1
Project("{FAE04EC0-301F-11D3-BF4B-00C04F79EFBC}") = "TriangleClassLibrary_2", "TriangleClassLibrary_2\TriangleClassLibrary_2.csproj", "{F8F50425-DE92-49EE-8EB5-1F419422CAE2}"
EndProject
Project("{FAE04EC0-301F-11D3-BF4B-00C04F79EFBC}") = "UnitTests_1_10", "UnitTest_1_10\UnitTests_1_10.csproj", "{DB5C712A-12DB-4356-BE93-0DEB461C2632}"
EndProject
Global
	GlobalSection(SolutionConfigurationPlatforms) = preSolution
		Debug|Any CPU = Debug|Any CPU
		Release|Any CPU = Release|Any CPU
	EndGlobalSection
	GlobalSection(ProjectConfigurationPlatforms) = postSolution
		{F8F50425-DE92-49EE-8EB5-1F419422CAE2}.Debug|Any CPU.ActiveCfg = Debug|Any CPU
		{F8F50425-DE92-49EE-8EB5-1F419422CAE2}.Debug|Any CPU.Build.0 = Debug|Any CPU
		{F8F50425-DE92-49EE-8EB5-1F419422CAE2}.Release|Any CPU.ActiveCfg = Release|Any CPU
		{F8F50425-DE92-49EE-8EB5-1F419422CAE2}.Release|Any CPU.Build.0 = Release|Any CPU
		{DB5C712A-12DB-4356-BE93-0DEB461C2632}.Debug|Any CPU.ActiveCfg = Debug|Any CPU
		{DB5C712A-12DB-4356-BE93-0DEB461C2632}.Debug|Any CPU.Build.0 = Debug|Any CPU
		{DB5C712A-12DB-4356-BE93-0DEB461C2632}.Release|Any CPU.ActiveCfg = Release|Any CPU
		{DB5C712A-12DB-4356-BE93-0DEB461C2632}.Release|Any CPU.Build.0 = Release|Any CPU
	EndGlobalSection
	GlobalSection(SolutionProperties) = preSolution
		HideSolutionNode = FALSE
	EndGlobalSection
	GlobalSection(ExtensibilityGlobals) = postSolution
		SolutionGuid = {46794965-189D-47C2-85D0-68666DC91171}
	EndGlobalSection
EndGlobal
